PODS:
  - Alamofire (4.6.0)
  - Moya (9.0.0):
    - Moya/Core (= 9.0.0)
  - Moya/Core (9.0.0):
    - Alamofire (~> 4.1)
    - Result (~> 3.0)
  - Result (3.2.4)
  - SwiftyJSON (4.0.0)

DEPENDENCIES:
  - Moya (~> 9.0)
  - SwiftyJSON

SPEC CHECKSUMS:
  Alamofire: f41a599bd63041760b26d393ec1069d9d7b917f4
  Moya: cf5e6ee93af526532f92614004b8ad2ea60fd845
  Result: d2d07204ce72856f1fd9130bbe42c35a7b0fea10
  SwiftyJSON: 070dabdcb1beb81b247c65ffa3a79dbbfb3b48aa

PODFILE CHECKSUM: fb5c525a7972a2688973e5643e72d69365df05f8

COCOAPODS: 1.3.1
